{
  "version": 4,
  "terraform_version": "0.12.26",
  "serial": 136,
  "lineage": "ba42d8d7-602f-b737-6316-8f119c8d0e53",
  "outputs": {},
  "resources": [
    {
      "mode": "managed",
      "type": "azurerm_key_vault",
      "name": "mykeyvault1",
      "each": "list",
      "provider": "provider.azurerm",
      "instances": [
        {
          "index_key": 0,
          "schema_version": 1,
          "attributes": {
            "access_policy": [],
            "enabled_for_deployment": false,
            "enabled_for_disk_encryption": false,
            "enabled_for_template_deployment": false,
            "id": "/subscriptions/9ef813b3-40a3-416f-84c1-bc32a23fcc6d/resourceGroups/jpanew/providers/Microsoft.KeyVault/vaults/jpakv1",
            "location": "eastus",
            "name": "jpakv1",
            "network_acls": [
              {
                "bypass": "AzureServices",
                "default_action": "Allow",
                "ip_rules": [],
                "virtual_network_subnet_ids": []
              }
            ],
            "resource_group_name": "jpanew",
            "sku": [
              {
                "name": "standard"
              }
            ],
            "sku_name": "standard",
            "tags": {},
            "tenant_id": "4c589a6b-55f9-4ce3-9989-8905609b0747",
            "vault_uri": "https://jpakv1.vault.azure.net/"
          },
          "private": "eyJzY2hlbWFfdmVyc2lvbiI6IjEifQ==",
          "dependencies": [
            "azurerm_resource_group.myresourcegroup"
          ]
        },
        {
          "index_key": 1,
          "schema_version": 1,
          "attributes": {
            "access_policy": [],
            "enabled_for_deployment": false,
            "enabled_for_disk_encryption": false,
            "enabled_for_template_deployment": false,
            "id": "/subscriptions/9ef813b3-40a3-416f-84c1-bc32a23fcc6d/resourceGroups/jpanew/providers/Microsoft.KeyVault/vaults/jpakv2",
            "location": "eastus",
            "name": "jpakv2",
            "network_acls": [
              {
                "bypass": "AzureServices",
                "default_action": "Allow",
                "ip_rules": [],
                "virtual_network_subnet_ids": []
              }
            ],
            "resource_group_name": "jpanew",
            "sku": [
              {
                "name": "standard"
              }
            ],
            "sku_name": "standard",
            "tags": {},
            "tenant_id": "4c589a6b-55f9-4ce3-9989-8905609b0747",
            "vault_uri": "https://jpakv2.vault.azure.net/"
          },
          "private": "eyJzY2hlbWFfdmVyc2lvbiI6IjEifQ==",
          "dependencies": [
            "azurerm_resource_group.myresourcegroup"
          ]
        }
      ]
    },
    {
      "mode": "managed",
      "type": "azurerm_network_interface",
      "name": "mynics",
      "each": "list",
      "provider": "provider.azurerm",
      "instances": [
        {
          "index_key": 0,
          "schema_version": 0,
          "attributes": {
            "applied_dns_servers": [],
            "dns_servers": [],
            "enable_accelerated_networking": false,
            "enable_ip_forwarding": false,
            "id": "/subscriptions/9ef813b3-40a3-416f-84c1-bc32a23fcc6d/resourceGroups/jpanew/providers/Microsoft.Network/networkInterfaces/jpanic1",
            "internal_dns_name_label": "",
            "internal_fqdn": "",
            "ip_configuration": [
              {
                "application_gateway_backend_address_pools_ids": [],
                "application_security_group_ids": [],
                "load_balancer_backend_address_pools_ids": [],
                "load_balancer_inbound_nat_rules_ids": [],
                "name": "internal",
                "primary": true,
                "private_ip_address": "10.1.5.4",
                "private_ip_address_allocation": "dynamic",
                "private_ip_address_version": "IPv4",
                "public_ip_address_id": "/subscriptions/9ef813b3-40a3-416f-84c1-bc32a23fcc6d/resourceGroups/jpanew/providers/Microsoft.Network/publicIPAddresses/jpa-pip",
                "subnet_id": "/subscriptions/9ef813b3-40a3-416f-84c1-bc32a23fcc6d/resourceGroups/jpanew/providers/Microsoft.Network/virtualNetworks/jpa-vnet/subnets/corda"
              }
            ],
            "location": "eastus",
            "mac_address": "",
            "name": "jpanic1",
            "network_security_group_id": "",
            "private_ip_address": "10.1.5.4",
            "private_ip_addresses": [
              "10.1.5.4"
            ],
            "resource_group_name": "jpanew",
            "tags": {},
            "virtual_machine_id": null
          },
          "private": "bnVsbA==",
          "dependencies": [
            "azurerm_public_ip.mypips",
            "azurerm_resource_group.myresourcegroup",
            "azurerm_subnet.mysubnet5",
            "azurerm_virtual_network.myvnet"
          ]
        }
      ]
    },
    {
      "mode": "managed",
      "type": "azurerm_public_ip",
      "name": "mypips",
      "provider": "provider.azurerm",
      "instances": [
        {
          "schema_version": 0,
          "attributes": {
            "allocation_method": "Dynamic",
            "domain_name_label": null,
            "fqdn": null,
            "id": "/subscriptions/9ef813b3-40a3-416f-84c1-bc32a23fcc6d/resourceGroups/jpanew/providers/Microsoft.Network/publicIPAddresses/jpa-pip",
            "idle_timeout_in_minutes": 4,
            "ip_address": "",
            "ip_version": "IPv4",
            "location": "eastus",
            "name": "jpa-pip",
            "public_ip_address_allocation": "Dynamic",
            "public_ip_prefix_id": null,
            "resource_group_name": "jpanew",
            "reverse_fqdn": null,
            "sku": "Basic",
            "tags": {},
            "zones": []
          },
          "private": "bnVsbA==",
          "dependencies": [
            "azurerm_resource_group.myresourcegroup"
          ]
        }
      ]
    },
    {
      "mode": "managed",
      "type": "azurerm_resource_group",
      "name": "myresourcegroup",
      "provider": "provider.azurerm",
      "instances": [
        {
          "schema_version": 0,
          "attributes": {
            "id": "/subscriptions/9ef813b3-40a3-416f-84c1-bc32a23fcc6d/resourceGroups/jpanew",
            "location": "eastus",
            "name": "jpanew",
            "tags": {}
          },
          "private": "bnVsbA=="
        }
      ]
    },
    {
      "mode": "managed",
      "type": "azurerm_sql_database",
      "name": "mysqldbs",
      "provider": "provider.azurerm",
      "instances": [
        {
          "schema_version": 0,
          "attributes": {
            "collation": "SQL_Latin1_General_CP1_CI_AS",
            "create_mode": "Default",
            "creation_date": "2020-06-08T15:28:52.133Z",
            "default_secondary_location": "West US",
            "edition": "Standard",
            "elastic_pool_name": "",
            "encryption": "",
            "id": "/subscriptions/9ef813b3-40a3-416f-84c1-bc32a23fcc6d/resourceGroups/jpanew/providers/Microsoft.Sql/servers/jpasqlserver98/databases/jpadb",
            "import": [],
            "location": "eastus",
            "max_size_bytes": "268435456000",
            "name": "jpadb",
            "read_scale": false,
            "requested_service_objective_id": "f1173c43-91bd-4aaa-973c-54e79e15235b",
            "requested_service_objective_name": "S0",
            "resource_group_name": "jpanew",
            "restore_point_in_time": null,
            "server_name": "jpasqlserver98",
            "source_database_deletion_date": null,
            "source_database_id": null,
            "tags": {},
            "threat_detection_policy": [
              {
                "disabled_alerts": [],
                "email_account_admins": "Disabled",
                "email_addresses": [],
                "retention_days": 0,
                "state": "Disabled",
                "storage_account_access_key": "",
                "storage_endpoint": "",
                "use_server_default": "Disabled"
              }
            ]
          },
          "private": "bnVsbA==",
          "dependencies": [
            "azurerm_resource_group.myresourcegroup",
            "azurerm_sql_server.mysqlserver"
          ]
        }
      ]
    },
    {
      "mode": "managed",
      "type": "azurerm_sql_server",
      "name": "mysqlserver",
      "provider": "provider.azurerm",
      "instances": [
        {
          "schema_version": 0,
          "attributes": {
            "administrator_login": "bcadmin",
            "administrator_login_password": "1ON5YFbu6o%z",
            "fully_qualified_domain_name": "jpasqlserver98.database.windows.net",
            "id": "/subscriptions/9ef813b3-40a3-416f-84c1-bc32a23fcc6d/resourceGroups/jpanew/providers/Microsoft.Sql/servers/jpasqlserver98",
            "identity": [],
            "location": "eastus",
            "name": "jpasqlserver98",
            "resource_group_name": "jpanew",
            "tags": {},
            "version": "12.0"
          },
          "private": "bnVsbA==",
          "dependencies": [
            "azurerm_resource_group.myresourcegroup"
          ]
        }
      ]
    },
    {
      "mode": "managed",
      "type": "azurerm_storage_account",
      "name": "jpastorage",
      "provider": "provider.azurerm",
      "instances": [
        {
          "schema_version": 2,
          "attributes": {
            "access_tier": "",
            "account_encryption_source": "Microsoft.Storage",
            "account_kind": "Storage",
            "account_replication_type": "GRS",
            "account_tier": "Standard",
            "account_type": "Standard_GRS",
            "blob_properties": [
              {
                "delete_retention_policy": []
              }
            ],
            "custom_domain": [],
            "enable_advanced_threat_protection": false,
            "enable_blob_encryption": true,
            "enable_file_encryption": true,
            "enable_https_traffic_only": false,
            "id": "/subscriptions/9ef813b3-40a3-416f-84c1-bc32a23fcc6d/resourceGroups/jpanew/providers/Microsoft.Storage/storageAccounts/jpastorage98",
            "identity": [],
            "is_hns_enabled": false,
            "location": "eastus",
            "name": "jpastorage98",
            "network_rules": [
              {
                "bypass": [
                  "AzureServices"
                ],
                "default_action": "Allow",
                "ip_rules": [],
                "virtual_network_subnet_ids": []
              }
            ],
            "primary_access_key": "IJHMqpHRZ66FgWJ4z1/wPEwneovAOdVC3wLge4uyNNB3e7uxjE5ujlrb6NFByVNzYu0weFMtfuHIWMpXzukOtw==",
            "primary_blob_connection_string": "DefaultEndpointsProtocol=https;BlobEndpoint=https://jpastorage98.blob.core.windows.net/;AccountName=jpastorage98;AccountKey=IJHMqpHRZ66FgWJ4z1/wPEwneovAOdVC3wLge4uyNNB3e7uxjE5ujlrb6NFByVNzYu0weFMtfuHIWMpXzukOtw==",
            "primary_blob_endpoint": "https://jpastorage98.blob.core.windows.net/",
            "primary_blob_host": "jpastorage98.blob.core.windows.net",
            "primary_connection_string": "DefaultEndpointsProtocol=https;AccountName=jpastorage98;AccountKey=IJHMqpHRZ66FgWJ4z1/wPEwneovAOdVC3wLge4uyNNB3e7uxjE5ujlrb6NFByVNzYu0weFMtfuHIWMpXzukOtw==;EndpointSuffix=core.windows.net",
            "primary_dfs_endpoint": "",
            "primary_dfs_host": "",
            "primary_file_endpoint": "https://jpastorage98.file.core.windows.net/",
            "primary_file_host": "jpastorage98.file.core.windows.net",
            "primary_location": "eastus",
            "primary_queue_endpoint": "https://jpastorage98.queue.core.windows.net/",
            "primary_queue_host": "jpastorage98.queue.core.windows.net",
            "primary_table_endpoint": "https://jpastorage98.table.core.windows.net/",
            "primary_table_host": "jpastorage98.table.core.windows.net",
            "primary_web_endpoint": "",
            "primary_web_host": "",
            "queue_properties": [
              {
                "cors_rule": [],
                "hour_metrics": [
                  {
                    "enabled": true,
                    "include_apis": true,
                    "retention_policy_days": 7,
                    "version": "1.0"
                  }
                ],
                "logging": [
                  {
                    "delete": false,
                    "read": false,
                    "retention_policy_days": 0,
                    "version": "1.0",
                    "write": false
                  }
                ],
                "minute_metrics": [
                  {
                    "enabled": false,
                    "include_apis": false,
                    "retention_policy_days": 0,
                    "version": "1.0"
                  }
                ]
              }
            ],
            "resource_group_name": "jpanew",
            "secondary_access_key": "Hxs6tIMTXG0T3Oic4BteTR5pD6AAV+cHQWOhyJNhIsk1VQy9sNRDZKKwErBXqJDVblRm/4JYClLVqtqKOkm+LQ==",
            "secondary_blob_connection_string": "",
            "secondary_blob_endpoint": null,
            "secondary_blob_host": null,
            "secondary_connection_string": "DefaultEndpointsProtocol=https;AccountName=jpastorage98;AccountKey=Hxs6tIMTXG0T3Oic4BteTR5pD6AAV+cHQWOhyJNhIsk1VQy9sNRDZKKwErBXqJDVblRm/4JYClLVqtqKOkm+LQ==;EndpointSuffix=core.windows.net",
            "secondary_dfs_endpoint": null,
            "secondary_dfs_host": null,
            "secondary_file_endpoint": null,
            "secondary_file_host": null,
            "secondary_location": "westus",
            "secondary_queue_endpoint": null,
            "secondary_queue_host": null,
            "secondary_table_endpoint": null,
            "secondary_table_host": null,
            "secondary_web_endpoint": null,
            "secondary_web_host": null,
            "tags": {
              "environment": "uat"
            }
          },
          "private": "eyJzY2hlbWFfdmVyc2lvbiI6IjIifQ==",
          "dependencies": [
            "azurerm_resource_group.myresourcegroup"
          ]
        }
      ]
    },
    {
      "mode": "managed",
      "type": "azurerm_subnet",
      "name": "mysubnet1",
      "provider": "provider.azurerm",
      "instances": [
        {
          "schema_version": 0,
          "attributes": {
            "address_prefix": "10.1.1.0/24",
            "delegation": [],
            "enforce_private_link_endpoint_network_policies": false,
            "enforce_private_link_service_network_policies": false,
            "id": "/subscriptions/9ef813b3-40a3-416f-84c1-bc32a23fcc6d/resourceGroups/jpanew/providers/Microsoft.Network/virtualNetworks/jpa-vnet/subnets/mgmt",
            "ip_configurations": [],
            "name": "mgmt",
            "network_security_group_id": "",
            "resource_group_name": "jpanew",
            "route_table_id": "",
            "service_endpoints": [],
            "virtual_network_name": "jpa-vnet"
          },
          "private": "bnVsbA==",
          "dependencies": [
            "azurerm_resource_group.myresourcegroup",
            "azurerm_virtual_network.myvnet"
          ]
        }
      ]
    },
    {
      "mode": "managed",
      "type": "azurerm_subnet",
      "name": "mysubnet2",
      "provider": "provider.azurerm",
      "instances": [
        {
          "schema_version": 0,
          "attributes": {
            "address_prefix": "10.1.2.0/24",
            "delegation": [],
            "enforce_private_link_endpoint_network_policies": false,
            "enforce_private_link_service_network_policies": false,
            "id": "/subscriptions/9ef813b3-40a3-416f-84c1-bc32a23fcc6d/resourceGroups/jpanew/providers/Microsoft.Network/virtualNetworks/jpa-vnet/subnets/agw",
            "ip_configurations": [],
            "name": "agw",
            "network_security_group_id": "",
            "resource_group_name": "jpanew",
            "route_table_id": "",
            "service_endpoints": [],
            "virtual_network_name": "jpa-vnet"
          },
          "private": "bnVsbA==",
          "dependencies": [
            "azurerm_resource_group.myresourcegroup",
            "azurerm_virtual_network.myvnet"
          ]
        }
      ]
    },
    {
      "mode": "managed",
      "type": "azurerm_subnet",
      "name": "mysubnet4",
      "provider": "provider.azurerm",
      "instances": [
        {
          "schema_version": 0,
          "attributes": {
            "address_prefix": "10.1.4.0/24",
            "delegation": [],
            "enforce_private_link_endpoint_network_policies": false,
            "enforce_private_link_service_network_policies": false,
            "id": "/subscriptions/9ef813b3-40a3-416f-84c1-bc32a23fcc6d/resourceGroups/jpanew/providers/Microsoft.Network/virtualNetworks/jpa-vnet/subnets/apim",
            "ip_configurations": [],
            "name": "apim",
            "network_security_group_id": "",
            "resource_group_name": "jpanew",
            "route_table_id": "",
            "service_endpoints": [],
            "virtual_network_name": "jpa-vnet"
          },
          "private": "bnVsbA==",
          "dependencies": [
            "azurerm_resource_group.myresourcegroup",
            "azurerm_virtual_network.myvnet"
          ]
        }
      ]
    },
    {
      "mode": "managed",
      "type": "azurerm_subnet",
      "name": "mysubnet5",
      "provider": "provider.azurerm",
      "instances": [
        {
          "schema_version": 0,
          "attributes": {
            "address_prefix": "10.1.5.0/24",
            "delegation": [],
            "enforce_private_link_endpoint_network_policies": false,
            "enforce_private_link_service_network_policies": false,
            "id": "/subscriptions/9ef813b3-40a3-416f-84c1-bc32a23fcc6d/resourceGroups/jpanew/providers/Microsoft.Network/virtualNetworks/jpa-vnet/subnets/corda",
            "ip_configurations": [
              "/subscriptions/9ef813b3-40a3-416f-84c1-bc32a23fcc6d/resourceGroups/jpanew/providers/Microsoft.Network/networkInterfaces/jpanic1/ipConfigurations/internal"
            ],
            "name": "corda",
            "network_security_group_id": "",
            "resource_group_name": "jpanew",
            "route_table_id": "",
            "service_endpoints": [],
            "virtual_network_name": "jpa-vnet"
          },
          "private": "bnVsbA==",
          "dependencies": [
            "azurerm_resource_group.myresourcegroup",
            "azurerm_virtual_network.myvnet"
          ]
        }
      ]
    },
    {
      "mode": "managed",
      "type": "azurerm_virtual_machine",
      "name": "myDNS1vm",
      "each": "list",
      "provider": "provider.azurerm",
      "instances": [
        {
          "index_key": 0,
          "schema_version": 0,
          "attributes": {
            "additional_capabilities": [],
            "availability_set_id": null,
            "boot_diagnostics": [],
            "delete_data_disks_on_termination": false,
            "delete_os_disk_on_termination": true,
            "id": "/subscriptions/9ef813b3-40a3-416f-84c1-bc32a23fcc6d/resourceGroups/jpanew/providers/Microsoft.Compute/virtualMachines/jpa-vm",
            "identity": [],
            "license_type": null,
            "location": "eastus",
            "name": "jpa-vm",
            "network_interface_ids": [
              "/subscriptions/9ef813b3-40a3-416f-84c1-bc32a23fcc6d/resourceGroups/jpanew/providers/Microsoft.Network/networkInterfaces/jpanic1"
            ],
            "os_profile": [
              {
                "admin_password": "",
                "admin_username": "bcadmin",
                "computer_name": "jpa-PROD",
                "custom_data": ""
              }
            ],
            "os_profile_linux_config": [],
            "os_profile_secrets": [],
            "os_profile_windows_config": [
              {
                "additional_unattend_config": [],
                "enable_automatic_upgrades": false,
                "provision_vm_agent": false,
                "timezone": "",
                "winrm": []
              }
            ],
            "plan": [],
            "primary_network_interface_id": null,
            "proximity_placement_group_id": null,
            "resource_group_name": "jpanew",
            "storage_data_disk": [],
            "storage_image_reference": [
              {
                "id": "",
                "offer": "WindowsServer",
                "publisher": "MicrosoftWindowsServer",
                "sku": "2016-Datacenter",
                "version": "latest"
              }
            ],
            "storage_os_disk": [
              {
                "caching": "ReadWrite",
                "create_option": "FromImage",
                "disk_size_gb": 127,
                "image_uri": "",
                "managed_disk_id": "/subscriptions/9ef813b3-40a3-416f-84c1-bc32a23fcc6d/resourceGroups/JPANEW/providers/Microsoft.Compute/disks/jpa-disk",
                "managed_disk_type": "Premium_LRS",
                "name": "jpa-disk",
                "os_type": "Windows",
                "vhd_uri": "",
                "write_accelerator_enabled": false
              }
            ],
            "tags": {},
            "vm_size": "Standard_D2s_v3",
            "zones": null
          },
          "private": "bnVsbA==",
          "dependencies": [
            "azurerm_network_interface.mynics",
            "azurerm_resource_group.myresourcegroup",
            "azurerm_subnet.mysubnet5",
            "azurerm_virtual_network.myvnet"
          ]
        }
      ]
    },
    {
      "mode": "managed",
      "type": "azurerm_virtual_network",
      "name": "myvnet",
      "provider": "provider.azurerm",
      "instances": [
        {
          "schema_version": 0,
          "attributes": {
            "address_space": [
              "10.1.0.0/16"
            ],
            "ddos_protection_plan": [],
            "dns_servers": [],
            "id": "/subscriptions/9ef813b3-40a3-416f-84c1-bc32a23fcc6d/resourceGroups/jpanew/providers/Microsoft.Network/virtualNetworks/jpa-vnet",
            "location": "eastus",
            "name": "jpa-vnet",
            "resource_group_name": "jpanew",
            "subnet": [
              {
                "address_prefix": "10.1.1.0/24",
                "id": "/subscriptions/9ef813b3-40a3-416f-84c1-bc32a23fcc6d/resourceGroups/jpanew/providers/Microsoft.Network/virtualNetworks/jpa-vnet/subnets/mgmt",
                "name": "mgmt",
                "security_group": ""
              },
              {
                "address_prefix": "10.1.2.0/24",
                "id": "/subscriptions/9ef813b3-40a3-416f-84c1-bc32a23fcc6d/resourceGroups/jpanew/providers/Microsoft.Network/virtualNetworks/jpa-vnet/subnets/agw",
                "name": "agw",
                "security_group": ""
              },
              {
                "address_prefix": "10.1.4.0/24",
                "id": "/subscriptions/9ef813b3-40a3-416f-84c1-bc32a23fcc6d/resourceGroups/jpanew/providers/Microsoft.Network/virtualNetworks/jpa-vnet/subnets/apim",
                "name": "apim",
                "security_group": ""
              },
              {
                "address_prefix": "10.1.5.0/24",
                "id": "/subscriptions/9ef813b3-40a3-416f-84c1-bc32a23fcc6d/resourceGroups/jpanew/providers/Microsoft.Network/virtualNetworks/jpa-vnet/subnets/corda",
                "name": "corda",
                "security_group": ""
              }
            ],
            "tags": {}
          },
          "private": "bnVsbA==",
          "dependencies": [
            "azurerm_resource_group.myresourcegroup"
          ]
        }
      ]
    }
  ]
}
